// !$*UTF8*$!
{
	archiveVersion = 1;
	classes = {
	};
	objectVersion = 46;
	objects = {

/* Begin PBXBuildFile section */
		FF482E4E1EB9F296004DEE00 /* AppDelegate.swift in Sources */ = {isa = PBXBuildFile; fileRef = FF482E4D1EB9F296004DEE00 /* AppDelegate.swift */; };
		FF482E501EB9F296004DEE00 /* ViewController.swift in Sources */ = {isa = PBXBuildFile; fileRef = FF482E4F1EB9F296004DEE00 /* ViewController.swift */; };
		FF482E531EB9F296004DEE00 /* Main.storyboard in Resources */ = {isa = PBXBuildFile; fileRef = FF482E511EB9F296004DEE00 /* Main.storyboard */; };
		FF482E551EB9F296004DEE00 /* Assets.xcassets in Resources */ = {isa = PBXBuildFile; fileRef = FF482E541EB9F296004DEE00 /* Assets.xcassets */; };
		FF482E581EB9F296004DEE00 /* LaunchScreen.storyboard in Resources */ = {isa = PBXBuildFile; fileRef = FF482E561EB9F296004DEE00 /* LaunchScreen.storyboard */; };
		FF482E6E1EB9F2D5004DEE00 /* ViperBase.framework in Frameworks */ = {isa = PBXBuildFile; fileRef = FF482E6D1EB9F2D5004DEE00 /* ViperBase.framework */; };
		FF482E6F1EB9F2D5004DEE00 /* ViperBase.framework in Embed Frameworks */ = {isa = PBXBuildFile; fileRef = FF482E6D1EB9F2D5004DEE00 /* ViperBase.framework */; settings = {ATTRIBUTES = (CodeSignOnCopy, RemoveHeadersOnCopy, ); }; };
/* End PBXBuildFile section */

/* Begin PBXCopyFilesBuildPhase section */
		FF482E701EB9F2D5004DEE00 /* Embed Frameworks */ = {
			isa = PBXCopyFilesBuildPhase;
			buildActionMask = 2147483647;
			dstPath = "";
			dstSubfolderSpec = 10;
			files = (
				FF482E6F1EB9F2D5004DEE00 /* ViperBase.framework in Embed Frameworks */,
			);
			name = "Embed Frameworks";
			runOnlyForDeploymentPostprocessing = 0;
		};
/* End PBXCopyFilesBuildPhase section */

/* Begin PBXFileReference section */
		FF482E4A1EB9F296004DEE00 /* ViperBase-Sample.app */ = {isa = PBXFileReference; explicitFileType = wrapper.application; includeInIndex = 0; path = "ViperBase-Sample.app"; sourceTree = BUILT_PRODUCTS_DIR; };
		FF482E4D1EB9F296004DEE00 /* AppDelegate.swift */ = {isa = PBXFileReference; lastKnownFileType = sourcecode.swift; path = AppDelegate.swift; sourceTree = "<group>"; };
		FF482E4F1EB9F296004DEE00 /* ViewController.swift */ = {isa = PBXFileReference; lastKnownFileType = sourcecode.swift; name = ViewController.swift; path = ViewController.swift; sourceTree = "<group>"; };
		FF482E521EB9F296004DEE00 /* Base */ = {isa = PBXFileReference; lastKnownFileType = file.storyboard; name = Base; path = Base.lproj/Main.storyboard; sourceTree = "<group>"; };
		FF482E541EB9F296004DEE00 /* Assets.xcassets */ = {isa = PBXFileReference; lastKnownFileType = folder.assetcatalog; path = Assets.xcassets; sourceTree = "<group>"; };
		FF482E571EB9F296004DEE00 /* Base */ = {isa = PBXFileReference; lastKnownFileType = file.storyboard; name = Base; path = Base.lproj/LaunchScreen.storyboard; sourceTree = "<group>"; };
		FF482E591EB9F296004DEE00 /* Info.plist */ = {isa = PBXFileReference; lastKnownFileType = text.plist.xml; path = Info.plist; sourceTree = "<group>"; };
		FF482E6D1EB9F2D5004DEE00 /* ViperBase.framework */ = {isa = PBXFileReference; explicitFileType = wrapper.framework; path = ViperBase.framework; sourceTree = BUILT_PRODUCTS_DIR; };
/* End PBXFileReference section */

/* Begin PBXFrameworksBuildPhase section */
		FF482E471EB9F296004DEE00 /* Frameworks */ = {
			isa = PBXFrameworksBuildPhase;
			buildActionMask = 2147483647;
			files = (
				FF482E6E1EB9F2D5004DEE00 /* ViperBase.framework in Frameworks */,
			);
			runOnlyForDeploymentPostprocessing = 0;
		};
/* End PBXFrameworksBuildPhase section */

/* Begin PBXGroup section */
		FF482E411EB9F296004DEE00 = {
			isa = PBXGroup;
			children = (
				FF482E4C1EB9F296004DEE00 /* ViperBase-Sample */,
				FF482E711EB9F2DC004DEE00 /* Frameworks */,
				FF482E4B1EB9F296004DEE00 /* Products */,
			);
			sourceTree = "<group>";
		};
		FF482E4B1EB9F296004DEE00 /* Products */ = {
			isa = PBXGroup;
			children = (
				FF482E4A1EB9F296004DEE00 /* ViperBase-Sample.app */,
			);
			name = Products;
			sourceTree = "<group>";
		};
		FF482E4C1EB9F296004DEE00 /* ViperBase-Sample */ = {
			isa = PBXGroup;
			children = (
				FF482E4D1EB9F296004DEE00 /* AppDelegate.swift */,
				FF482E741EB9F3A3004DEE00 /* Assembly */,
				FF482E731EB9F382004DEE00 /* Routers */,
				FF482E721EB9F37A004DEE00 /* Modules */,
				FF482E751EB9F3AE004DEE00 /* DataModels */,
				FF482E771EB9F3D3004DEE00 /* DataManagers */,
				FF482E761EB9F3C5004DEE00 /* Interactors */,
				FF482E781EB9F3EC004DEE00 /* SupportingFiles */,
			);
			path = "ViperBase-Sample";
			sourceTree = "<group>";
		};
		FF482E711EB9F2DC004DEE00 /* Frameworks */ = {
			isa = PBXGroup;
			children = (
				FF482E6D1EB9F2D5004DEE00 /* ViperBase.framework */,
			);
			name = Frameworks;
			sourceTree = "<group>";
		};
		FF482E721EB9F37A004DEE00 /* Modules */ = {
			isa = PBXGroup;
			children = (
				FF482E4F1EB9F296004DEE00 /* ViewController.swift */,
			);
			path = Modules;
			sourceTree = "<group>";
		};
		FF482E731EB9F382004DEE00 /* Routers */ = {
			isa = PBXGroup;
			children = (
				FF482E511EB9F296004DEE00 /* Main.storyboard */,
			);
			path = Routers;
			sourceTree = "<group>";
		};
		FF482E741EB9F3A3004DEE00 /* Assembly */ = {
			isa = PBXGroup;
			children = (
			);
			path = Assembly;
			sourceTree = "<group>";
		};
		FF482E751EB9F3AE004DEE00 /* DataModels */ = {
			isa = PBXGroup;
			children = (
			);
			path = DataModels;
			sourceTree = "<group>";
		};
		FF482E761EB9F3C5004DEE00 /* Interactors */ = {
			isa = PBXGroup;
			children = (
			);
			path = Interactors;
			sourceTree = "<group>";
		};
		FF482E771EB9F3D3004DEE00 /* DataManagers */ = {
			isa = PBXGroup;
			children = (
			);
			path = DataManagers;
			sourceTree = "<group>";
		};
		FF482E781EB9F3EC004DEE00 /* SupportingFiles */ = {
			isa = PBXGroup;
			children = (
				FF482E541EB9F296004DEE00 /* Assets.xcassets */,
				FF482E561EB9F296004DEE00 /* LaunchScreen.storyboard */,
				FF482E591EB9F296004DEE00 /* Info.plist */,
			);
			path = SupportingFiles;
			sourceTree = "<group>";
		};
/* End PBXGroup section */

/* Begin PBXNativeTarget section */
		FF482E491EB9F296004DEE00 /* ViperBase-Sample */ = {
			isa = PBXNativeTarget;
			buildConfigurationList = FF482E671EB9F297004DEE00 /* Build configuration list for PBXNativeTarget "ViperBase-Sample" */;
			buildPhases = (
				FF482E461EB9F296004DEE00 /* Sources */,
				FF482E471EB9F296004DEE00 /* Frameworks */,
				FF482E481EB9F296004DEE00 /* Resources */,
				FF482E701EB9F2D5004DEE00 /* Embed Frameworks */,
			);
			buildRules = (
			);
			dependencies = (
			);
			name = "ViperBase-Sample";
			productName = "ViperBase-Sample";
			productReference = FF482E4A1EB9F296004DEE00 /* ViperBase-Sample.app */;
			productType = "com.apple.product-type.application";
		};
/* End PBXNativeTarget section */

/* Begin PBXProject section */
		FF482E421EB9F296004DEE00 /* Project object */ = {
			isa = PBXProject;
			attributes = {
				LastSwiftUpdateCheck = 0820;
				LastUpgradeCheck = 0820;
				ORGANIZATIONNAME = SOL;
				TargetAttributes = {
					FF482E491EB9F296004DEE00 = {
						CreatedOnToolsVersion = 8.2.1;
						DevelopmentTeam = VGV466S22A;
						ProvisioningStyle = Automatic;
					};
				};
			};
			buildConfigurationList = FF482E451EB9F296004DEE00 /* Build configuration list for PBXProject "ViperBase-Sample" */;
			compatibilityVersion = "Xcode 3.2";
			developmentRegion = English;
			hasScannedForEncodings = 0;
			knownRegions = (
				en,
				Base,
			);
			mainGroup = FF482E411EB9F296004DEE00;
			productRefGroup = FF482E4B1EB9F296004DEE00 /* Products */;
			projectDirPath = "";
			projectRoot = "";
			targets = (
				FF482E491EB9F296004DEE00 /* ViperBase-Sample */,
			);
		};
/* End PBXProject section */

/* Begin PBXResourcesBuildPhase section */
		FF482E481EB9F296004DEE00 /* Resources */ = {
			isa = PBXResourcesBuildPhase;
			buildActionMask = 2147483647;
			files = (
				FF482E581EB9F296004DEE00 /* LaunchScreen.storyboard in Resources */,
				FF482E551EB9F296004DEE00 /* Assets.xcassets in Resources */,
				FF482E531EB9F296004DEE00 /* Main.storyboard in Resources */,
			);
			runOnlyForDeploymentPostprocessing = 0;
		};
/* End PBXResourcesBuildPhase section */

/* Begin PBXSourcesBuildPhase section */
		FF482E461EB9F296004DEE00 /* Sources */ = {
			isa = PBXSourcesBuildPhase;
			buildActionMask = 2147483647;
			files = (
				FF482E501EB9F296004DEE00 /* ViewController.swift in Sources */,
				FF482E4E1EB9F296004DEE00 /* AppDelegate.swift in Sources */,
			);
			runOnlyForDeploymentPostprocessing = 0;
		};
/* End PBXSourcesBuildPhase section */

/* Begin PBXVariantGroup section */
		FF482E511EB9F296004DEE00 /* Main.storyboard */ = {
			isa = PBXVariantGroup;
			children = (
				FF482E521EB9F296004DEE00 /* Base */,
			);
			name = Main.storyboard;
			path = .;
			sourceTree = "<group>";
		};
		FF482E561EB9F296004DEE00 /* LaunchScreen.storyboard */ = {
			isa = PBXVariantGroup;
			children = (
				FF482E571EB9F296004DEE00 /* Base */,
			);
			name = LaunchScreen.storyboard;
			path = .;
			sourceTree = "<group>";
		};
/* End PBXVariantGroup section */

/* Begin XCBuildConfiguration section */
		FF482E651EB9F297004DEE00 /* Debug */ = {
			isa = XCBuildConfiguration;
			buildSettings = {
				ALWAYS_SEARCH_USER_PATHS = NO;
				CLANG_ANALYZER_NONNULL = YES;
				CLANG_CXX_LANGUAGE_STANDARD = "gnu++0x";
				CLANG_CXX_LIBRARY = "libc++";
				CLANG_ENABLE_MODULES = YES;
				CLANG_ENABLE_OBJC_ARC = YES;
				CLANG_WARN_BOOL_CONVERSION = YES;
				CLANG_WARN_CONSTANT_CONVERSION = YES;
				CLANG_WARN_DIRECT_OBJC_ISA_USAGE = YES_ERROR;
				CLANG_WARN_DOCUMENTATION_COMMENTS = YES;
				CLANG_WARN_EMPTY_BODY = YES;
				CLANG_WARN_ENUM_CONVERSION = YES;
				CLANG_WARN_INFINITE_RECURSION = YES;
				CLANG_WARN_INT_CONVERSION = YES;
				CLANG_WARN_OBJC_ROOT_CLASS = YES_ERROR;
				CLANG_WARN_SUSPICIOUS_MOVE = YES;
				CLANG_WARN_UNREACHABLE_CODE = YES;
				CLANG_WARN__DUPLICATE_METHOD_MATCH = YES;
				"CODE_SIGN_IDENTITY[sdk=iphoneos*]" = "iPhone Developer";
				COPY_PHASE_STRIP = NO;
				DEBUG_INFORMATION_FORMAT = dwarf;
				ENABLE_STRICT_OBJC_MSGSEND = YES;
				ENABLE_TESTABILITY = YES;
				GCC_C_LANGUAGE_STANDARD = gnu99;
				GCC_DYNAMIC_NO_PIC = NO;
				GCC_NO_COMMON_BLOCKS = YES;
				GCC_OPTIMIZATION_LEVEL = 0;
				GCC_PREPROCESSOR_DEFINITIONS = (
					"DEBUG=1",
					"$(inherited)",
				);
				GCC_WARN_64_TO_32_BIT_CONVERSION = YES;
				GCC_WARN_ABOUT_RETURN_TYPE = YES_ERROR;
				GCC_WARN_UNDECLARED_SELECTOR = YES;
				GCC_WARN_UNINITIALIZED_AUTOS = YES_AGGRESSIVE;
				GCC_WARN_UNUSED_FUNCTION = YES;
				GCC_WARN_UNUSED_VARIABLE = YES;
				IPHONEOS_DEPLOYMENT_TARGET = 10.2;
				MTL_ENABLE_DEBUG_INFO = YES;
				ONLY_ACTIVE_ARCH = YES;
				SDKROOT = iphoneos;
				SWIFT_ACTIVE_COMPILATION_CONDITIONS = DEBUG;
				SWIFT_OPTIMIZATION_LEVEL = "-Onone";
				TARGETED_DEVICE_FAMILY = "1,2";
			};
			name = Debug;
		};
		FF482E661EB9F297004DEE00 /* Release */ = {
			isa = XCBuildConfiguration;
			buildSettings = {
				ALWAYS_SEARCH_USER_PATHS = NO;
				CLANG_ANALYZER_NONNULL = YES;
				CLANG_CXX_LANGUAGE_STANDARD = "gnu++0x";
				CLANG_CXX_LIBRARY = "libc++";
				CLANG_ENABLE_MODULES = YES;
				CLANG_ENABLE_OBJC_ARC = YES;
				CLANG_WARN_BOOL_CONVERSION = YES;
				CLANG_WARN_CONSTANT_CONVERSION = YES;
				CLANG_WARN_DIRECT_OBJC_ISA_USAGE = YES_ERROR;
				CLANG_WARN_DOCUMENTATION_COMMENTS = YES;
				CLANG_WARN_EMPTY_BODY = YES;
				CLANG_WARN_ENUM_CONVERSION = YES;
				CLANG_WARN_INFINITE_RECURSION = YES;
				CLANG_WARN_INT_CONVERSION = YES;
				CLANG_WARN_OBJC_ROOT_CLASS = YES_ERROR;
				CLANG_WARN_SUSPICIOUS_MOVE = YES;
				CLANG_WARN_UNREACHABLE_CODE = YES;
				CLANG_WARN__DUPLICATE_METHOD_MATCH = YES;
				"CODE_SIGN_IDENTITY[sdk=iphoneos*]" = "iPhone Developer";
				COPY_PHASE_STRIP = NO;
				DEBUG_INFORMATION_FORMAT = "dwarf-with-dsym";
				ENABLE_NS_ASSERTIONS = NO;
				ENABLE_STRICT_OBJC_MSGSEND = YES;
				GCC_C_LANGUAGE_STANDARD = gnu99;
				GCC_NO_COMMON_BLOCKS = YES;
				GCC_WARN_64_TO_32_BIT_CONVERSION = YES;
				GCC_WARN_ABOUT_RETURN_TYPE = YES_ERROR;
				GCC_WARN_UNDECLARED_SELECTOR = YES;
				GCC_WARN_UNINITIALIZED_AUTOS = YES_AGGRESSIVE;
				GCC_WARN_UNUSED_FUNCTION = YES;
				GCC_WARN_UNUSED_VARIABLE = YES;
				IPHONEOS_DEPLOYMENT_TARGET = 10.2;
				MTL_ENABLE_DEBUG_INFO = NO;
				SDKROOT = iphoneos;
				SWIFT_OPTIMIZATION_LEVEL = "-Owholemodule";
				TARGETED_DEVICE_FAMILY = "1,2";
				VALIDATE_PRODUCT = YES;
			};
			name = Release;
		};
		FF482E681EB9F297004DEE00 /* Debug */ = {
			isa = XCBuildConfiguration;
			buildSettings = {
				ASSETCATALOG_COMPILER_APPICON_NAME = AppIcon;
				DEVELOPMENT_TEAM = VGV466S22A;
				INFOPLIST_FILE = "ViperBase-Sample/SupportingFiles/Info.plist";
				LD_RUNPATH_SEARCH_PATHS = "$(inherited) @executable_path/Frameworks";
				PRODUCT_BUNDLE_IDENTIFIER = "SOL.ViperBase-Sample";
				PRODUCT_NAME = "$(TARGET_NAME)";
				SWIFT_VERSION = 3.0;
			};
			name = Debug;
		};
		FF482E691EB9F297004DEE00 /* Release */ = {
			isa = XCBuildConfiguration;
			buildSettings = {
				ASSETCATALOG_COMPILER_APPICON_NAME = AppIcon;
				DEVELOPMENT_TEAM = VGV466S22A;
				INFOPLIST_FILE = "ViperBase-Sample/SupportingFiles/Info.plist";
				LD_RUNPATH_SEARCH_PATHS = "$(inherited) @executable_path/Frameworks";
				PRODUCT_BUNDLE_IDENTIFIER = "SOL.ViperBase-Sample";
				PRODUCT_NAME = "$(TARGET_NAME)";
				SWIFT_VERSION = 3.0;
			};
			name = Release;
		};
/* End XCBuildConfiguration section */

/* Begin XCConfigurationList section */
		FF482E451EB9F296004DEE00 /* Build configuration list for PBXProject "ViperBase-Sample" */ = {
			isa = XCConfigurationList;
			buildConfigurations = (
				FF482E651EB9F297004DEE00 /* Debug */,
				FF482E661EB9F297004DEE00 /* Release */,
			);
			defaultConfigurationIsVisible = 0;
			defaultConfigurationName = Release;
		};
		FF482E671EB9F297004DEE00 /* Build configuration list for PBXNativeTarget "ViperBase-Sample" */ = {
			isa = XCConfigurationList;
			buildConfigurations = (
				FF482E681EB9F297004DEE00 /* Debug */,
				FF482E691EB9F297004DEE00 /* Release */,
			);
			defaultConfigurationIsVisible = 0;
			defaultConfigurationName = Release;
		};
/* End XCConfigurationList section */
	};
	rootObject = FF482E421EB9F296004DEE00 /* Project object */;
}
