// !$*UTF8*$!
{
	archiveVersion = 1;
	classes = {
	};
	objectVersion = 46;
	objects = {

/* Begin PBXBuildFile section */
		A020B3C71F13D449007BA3BB /* PresentableTalbeViewCell.swift in Sources */ = {isa = PBXBuildFile; fileRef = A020B3C61F13D449007BA3BB /* PresentableTalbeViewCell.swift */; };
		FF24530C1EB903590017D32D /* PresentableTabBarController.swift in Sources */ = {isa = PBXBuildFile; fileRef = FF24530B1EB903590017D32D /* PresentableTabBarController.swift */; };
		FF643B931EB3AD9800B067D4 /* StackRouterInterface.swift in Sources */ = {isa = PBXBuildFile; fileRef = FF643B921EB3AD9800B067D4 /* StackRouterInterface.swift */; };
		FF643B951EB3AF1B00B067D4 /* ContainerRouterInterface.swift in Sources */ = {isa = PBXBuildFile; fileRef = FF643B941EB3AF1B00B067D4 /* ContainerRouterInterface.swift */; };
		FF8B4D651EC49B7F0016504E /* PresentableTabBarControllerTest.swift in Sources */ = {isa = PBXBuildFile; fileRef = FF9BFD0B1EC36D9900131C61 /* PresentableTabBarControllerTest.swift */; };
		FF8B4D661EC49BF70016504E /* PresentableNavigationControllerTest.swift in Sources */ = {isa = PBXBuildFile; fileRef = FF9BFD071EC36D9900131C61 /* PresentableNavigationControllerTest.swift */; };
		FF8B4D671EC49E460016504E /* TabRouterTest.swift in Sources */ = {isa = PBXBuildFile; fileRef = FF9BFD0C1EC36D9900131C61 /* TabRouterTest.swift */; };
		FF8B4D6A1EC4AE8B0016504E /* StackRouterTest.swift in Sources */ = {isa = PBXBuildFile; fileRef = FF9BFD081EC36D9900131C61 /* StackRouterTest.swift */; };
		FF8B4D6B1EC4B7100016504E /* ContainerRouterTest.swift in Sources */ = {isa = PBXBuildFile; fileRef = FF9BFD031EC36D9900131C61 /* ContainerRouterTest.swift */; };
		FF8B4D731EC8365F0016504E /* CustomServicesMocks.swift in Sources */ = {isa = PBXBuildFile; fileRef = FF8B4D721EC8365F0016504E /* CustomServicesMocks.swift */; };
		FF8B4D741EC83C040016504E /* ServiceTest.swift in Sources */ = {isa = PBXBuildFile; fileRef = FF8B4D6D1EC505A50016504E /* ServiceTest.swift */; };
		FF8B4D751EC83C040016504E /* ServiceManagerTest.swift in Sources */ = {isa = PBXBuildFile; fileRef = FF8B4D6E1EC505A50016504E /* ServiceManagerTest.swift */; };
		FF919D641EB353EA0003A85C /* ViperBase.framework in Frameworks */ = {isa = PBXBuildFile; fileRef = FF919D5A1EB353EA0003A85C /* ViperBase.framework */; };
		FF919D6B1EB353EA0003A85C /* ViperBase.h in Headers */ = {isa = PBXBuildFile; fileRef = FF919D5D1EB353EA0003A85C /* ViperBase.h */; settings = {ATTRIBUTES = (Public, ); }; };
		FF919D7C1EB356E60003A85C /* ViewInterface.swift in Sources */ = {isa = PBXBuildFile; fileRef = FF919D7B1EB356E60003A85C /* ViewInterface.swift */; };
		FF919D861EB357E50003A85C /* ContainerViewController.swift in Sources */ = {isa = PBXBuildFile; fileRef = FF919D7E1EB357E50003A85C /* ContainerViewController.swift */; };
		FF919D881EB357E50003A85C /* PresentableViewController.swift in Sources */ = {isa = PBXBuildFile; fileRef = FF919D801EB357E50003A85C /* PresentableViewController.swift */; };
		FF919D8C1EB357E50003A85C /* PresentableView.swift in Sources */ = {isa = PBXBuildFile; fileRef = FF919D841EB357E50003A85C /* PresentableView.swift */; };
		FF919D901EB35A930003A85C /* PresenterInterface.swift in Sources */ = {isa = PBXBuildFile; fileRef = FF919D8F1EB35A930003A85C /* PresenterInterface.swift */; };
		FF919D921EB35D9D0003A85C /* ContentContainerInterface.swift in Sources */ = {isa = PBXBuildFile; fileRef = FF919D911EB35D9D0003A85C /* ContentContainerInterface.swift */; };
		FF919D951EB385510003A85C /* PresentableControl.swift in Sources */ = {isa = PBXBuildFile; fileRef = FF919D941EB385510003A85C /* PresentableControl.swift */; };
		FF919D981EB385E00003A85C /* UIKit.framework in Frameworks */ = {isa = PBXBuildFile; fileRef = FF919D971EB385E00003A85C /* UIKit.framework */; };
		FF919D9B1EB393040003A85C /* Interactor.swift in Sources */ = {isa = PBXBuildFile; fileRef = FF919D9A1EB393040003A85C /* Interactor.swift */; };
		FF919D9E1EB399150003A85C /* InteractorInterface.swift in Sources */ = {isa = PBXBuildFile; fileRef = FF919D9D1EB399150003A85C /* InteractorInterface.swift */; };
		FF919DA01EB3995C0003A85C /* Presenter.swift in Sources */ = {isa = PBXBuildFile; fileRef = FF919D9F1EB3995C0003A85C /* Presenter.swift */; };
		FF919DA21EB39B5F0003A85C /* RouterInterface.swift in Sources */ = {isa = PBXBuildFile; fileRef = FF919DA11EB39B5F0003A85C /* RouterInterface.swift */; };
		FF919DA41EB39BB10003A85C /* Router.swift in Sources */ = {isa = PBXBuildFile; fileRef = FF919DA31EB39BB10003A85C /* Router.swift */; };
		FF919DAD1EB3AA510003A85C /* ContainerRouter.swift in Sources */ = {isa = PBXBuildFile; fileRef = FF919DA71EB3AA510003A85C /* ContainerRouter.swift */; };
		FF919DB01EB3AA510003A85C /* StackRouter.swift in Sources */ = {isa = PBXBuildFile; fileRef = FF919DAA1EB3AA510003A85C /* StackRouter.swift */; };
		FF9BFCF51EC34A9400131C61 /* PresenterSubclassMock.swift in Sources */ = {isa = PBXBuildFile; fileRef = FF9BFCF41EC34A9400131C61 /* PresenterSubclassMock.swift */; };
		FF9BFCF61EC34E6500131C61 /* PresenterTest.swift in Sources */ = {isa = PBXBuildFile; fileRef = FF9BFCC01EC3493C00131C61 /* PresenterTest.swift */; };
		FF9BFCF71EC355B700131C61 /* PresentableViewTest.swift in Sources */ = {isa = PBXBuildFile; fileRef = FF9BFCDA1EC3493C00131C61 /* PresentableViewTest.swift */; };
		FF9BFCF91EC3560C00131C61 /* PresenterMock.swift in Sources */ = {isa = PBXBuildFile; fileRef = FF9BFCF81EC3560C00131C61 /* PresenterMock.swift */; };
		FF9BFCFB1EC3604300131C61 /* PresentableViewSubclassMock.xib in Resources */ = {isa = PBXBuildFile; fileRef = FF9BFCFA1EC3604300131C61 /* PresentableViewSubclassMock.xib */; };
		FF9BFCFC1EC3634A00131C61 /* PresentableControlTest.swift in Sources */ = {isa = PBXBuildFile; fileRef = FF9BFCD91EC3493C00131C61 /* PresentableControlTest.swift */; };
		FF9BFCFE1EC3636000131C61 /* PresentableControlSubclassMock.xib in Resources */ = {isa = PBXBuildFile; fileRef = FF9BFCFD1EC3636000131C61 /* PresentableControlSubclassMock.xib */; };
		FF9BFCFF1EC3659200131C61 /* PresentableViewControllerTest.swift in Sources */ = {isa = PBXBuildFile; fileRef = FF9BFCD71EC3493C00131C61 /* PresentableViewControllerTest.swift */; };
		FF9BFD1D1EC374A900131C61 /* RouterTest.swift in Sources */ = {isa = PBXBuildFile; fileRef = FF9BFD0E1EC36D9900131C61 /* RouterTest.swift */; };
		FF9BFD1E1EC374A900131C61 /* RouterSubclassMock.swift in Sources */ = {isa = PBXBuildFile; fileRef = FF9BFD1B1EC3718500131C61 /* RouterSubclassMock.swift */; };
		FFA6DD351EB8EB4B003D7784 /* ServiceManager.swift in Sources */ = {isa = PBXBuildFile; fileRef = FFA6DD341EB8EB4B003D7784 /* ServiceManager.swift */; };
		FFA6DD371EB8EC34003D7784 /* Service.swift in Sources */ = {isa = PBXBuildFile; fileRef = FFA6DD361EB8EC34003D7784 /* Service.swift */; };
		FFA6DD3B1EB8F75A003D7784 /* PresentableNavigationController.swift in Sources */ = {isa = PBXBuildFile; fileRef = FFA6DD3A1EB8F75A003D7784 /* PresentableNavigationController.swift */; };
		FFA6DD3E1EB90299003D7784 /* TabRouter.swift in Sources */ = {isa = PBXBuildFile; fileRef = FFA6DD3D1EB90299003D7784 /* TabRouter.swift */; };
		FFA6DD401EB902A5003D7784 /* TabRouterInterface.swift in Sources */ = {isa = PBXBuildFile; fileRef = FFA6DD3F1EB902A5003D7784 /* TabRouterInterface.swift */; };
/* End PBXBuildFile section */

/* Begin PBXContainerItemProxy section */
		FF919D651EB353EA0003A85C /* PBXContainerItemProxy */ = {
			isa = PBXContainerItemProxy;
			containerPortal = FF919D511EB353EA0003A85C /* Project object */;
			proxyType = 1;
			remoteGlobalIDString = FF919D591EB353EA0003A85C;
			remoteInfo = ViperBase;
		};
/* End PBXContainerItemProxy section */

/* Begin PBXFileReference section */
		A020B3C61F13D449007BA3BB /* PresentableTalbeViewCell.swift */ = {isa = PBXFileReference; fileEncoding = 4; lastKnownFileType = sourcecode.swift; path = PresentableTalbeViewCell.swift; sourceTree = "<group>"; };
		FF24530B1EB903590017D32D /* PresentableTabBarController.swift */ = {isa = PBXFileReference; fileEncoding = 4; lastKnownFileType = sourcecode.swift; path = PresentableTabBarController.swift; sourceTree = "<group>"; };
		FF643B921EB3AD9800B067D4 /* StackRouterInterface.swift */ = {isa = PBXFileReference; fileEncoding = 4; lastKnownFileType = sourcecode.swift; path = StackRouterInterface.swift; sourceTree = "<group>"; };
		FF643B941EB3AF1B00B067D4 /* ContainerRouterInterface.swift */ = {isa = PBXFileReference; fileEncoding = 4; lastKnownFileType = sourcecode.swift; path = ContainerRouterInterface.swift; sourceTree = "<group>"; };
		FF8B4D6D1EC505A50016504E /* ServiceTest.swift */ = {isa = PBXFileReference; fileEncoding = 4; lastKnownFileType = sourcecode.swift; path = ServiceTest.swift; sourceTree = "<group>"; };
		FF8B4D6E1EC505A50016504E /* ServiceManagerTest.swift */ = {isa = PBXFileReference; fileEncoding = 4; lastKnownFileType = sourcecode.swift; path = ServiceManagerTest.swift; sourceTree = "<group>"; };
		FF8B4D721EC8365F0016504E /* CustomServicesMocks.swift */ = {isa = PBXFileReference; fileEncoding = 4; lastKnownFileType = sourcecode.swift; path = CustomServicesMocks.swift; sourceTree = "<group>"; };
		FF919D5A1EB353EA0003A85C /* ViperBase.framework */ = {isa = PBXFileReference; explicitFileType = wrapper.framework; includeInIndex = 0; path = ViperBase.framework; sourceTree = BUILT_PRODUCTS_DIR; };
		FF919D5D1EB353EA0003A85C /* ViperBase.h */ = {isa = PBXFileReference; lastKnownFileType = sourcecode.c.h; path = ViperBase.h; sourceTree = "<group>"; };
		FF919D5E1EB353EA0003A85C /* Info.plist */ = {isa = PBXFileReference; lastKnownFileType = text.plist.xml; path = Info.plist; sourceTree = "<group>"; };
		FF919D631EB353EA0003A85C /* ViperBaseTests.xctest */ = {isa = PBXFileReference; explicitFileType = wrapper.cfbundle; includeInIndex = 0; path = ViperBaseTests.xctest; sourceTree = BUILT_PRODUCTS_DIR; };
		FF919D6A1EB353EA0003A85C /* Info.plist */ = {isa = PBXFileReference; lastKnownFileType = text.plist.xml; path = Info.plist; sourceTree = "<group>"; };
		FF919D7B1EB356E60003A85C /* ViewInterface.swift */ = {isa = PBXFileReference; fileEncoding = 4; lastKnownFileType = sourcecode.swift; path = ViewInterface.swift; sourceTree = "<group>"; };
		FF919D7E1EB357E50003A85C /* ContainerViewController.swift */ = {isa = PBXFileReference; fileEncoding = 4; lastKnownFileType = sourcecode.swift; path = ContainerViewController.swift; sourceTree = "<group>"; };
		FF919D801EB357E50003A85C /* PresentableViewController.swift */ = {isa = PBXFileReference; fileEncoding = 4; lastKnownFileType = sourcecode.swift; path = PresentableViewController.swift; sourceTree = "<group>"; };
		FF919D841EB357E50003A85C /* PresentableView.swift */ = {isa = PBXFileReference; fileEncoding = 4; lastKnownFileType = sourcecode.swift; path = PresentableView.swift; sourceTree = "<group>"; };
		FF919D8F1EB35A930003A85C /* PresenterInterface.swift */ = {isa = PBXFileReference; fileEncoding = 4; lastKnownFileType = sourcecode.swift; path = PresenterInterface.swift; sourceTree = "<group>"; };
		FF919D911EB35D9D0003A85C /* ContentContainerInterface.swift */ = {isa = PBXFileReference; fileEncoding = 4; lastKnownFileType = sourcecode.swift; path = ContentContainerInterface.swift; sourceTree = "<group>"; };
		FF919D941EB385510003A85C /* PresentableControl.swift */ = {isa = PBXFileReference; fileEncoding = 4; lastKnownFileType = sourcecode.swift; path = PresentableControl.swift; sourceTree = "<group>"; };
		FF919D971EB385E00003A85C /* UIKit.framework */ = {isa = PBXFileReference; lastKnownFileType = wrapper.framework; name = UIKit.framework; path = System/Library/Frameworks/UIKit.framework; sourceTree = SDKROOT; };
		FF919D9A1EB393040003A85C /* Interactor.swift */ = {isa = PBXFileReference; fileEncoding = 4; lastKnownFileType = sourcecode.swift; path = Interactor.swift; sourceTree = "<group>"; };
		FF919D9D1EB399150003A85C /* InteractorInterface.swift */ = {isa = PBXFileReference; fileEncoding = 4; lastKnownFileType = sourcecode.swift; path = InteractorInterface.swift; sourceTree = "<group>"; };
		FF919D9F1EB3995C0003A85C /* Presenter.swift */ = {isa = PBXFileReference; fileEncoding = 4; lastKnownFileType = sourcecode.swift; path = Presenter.swift; sourceTree = "<group>"; };
		FF919DA11EB39B5F0003A85C /* RouterInterface.swift */ = {isa = PBXFileReference; fileEncoding = 4; lastKnownFileType = sourcecode.swift; path = RouterInterface.swift; sourceTree = "<group>"; };
		FF919DA31EB39BB10003A85C /* Router.swift */ = {isa = PBXFileReference; fileEncoding = 4; lastKnownFileType = sourcecode.swift; path = Router.swift; sourceTree = "<group>"; };
		FF919DA71EB3AA510003A85C /* ContainerRouter.swift */ = {isa = PBXFileReference; fileEncoding = 4; lastKnownFileType = sourcecode.swift; path = ContainerRouter.swift; sourceTree = "<group>"; };
		FF919DAA1EB3AA510003A85C /* StackRouter.swift */ = {isa = PBXFileReference; fileEncoding = 4; lastKnownFileType = sourcecode.swift; path = StackRouter.swift; sourceTree = "<group>"; };
		FF9BFCC01EC3493C00131C61 /* PresenterTest.swift */ = {isa = PBXFileReference; fileEncoding = 4; lastKnownFileType = sourcecode.swift; path = PresenterTest.swift; sourceTree = "<group>"; };
		FF9BFCD71EC3493C00131C61 /* PresentableViewControllerTest.swift */ = {isa = PBXFileReference; fileEncoding = 4; lastKnownFileType = sourcecode.swift; path = PresentableViewControllerTest.swift; sourceTree = "<group>"; };
		FF9BFCD91EC3493C00131C61 /* PresentableControlTest.swift */ = {isa = PBXFileReference; fileEncoding = 4; lastKnownFileType = sourcecode.swift; path = PresentableControlTest.swift; sourceTree = "<group>"; };
		FF9BFCDA1EC3493C00131C61 /* PresentableViewTest.swift */ = {isa = PBXFileReference; fileEncoding = 4; lastKnownFileType = sourcecode.swift; path = PresentableViewTest.swift; sourceTree = "<group>"; };
		FF9BFCF41EC34A9400131C61 /* PresenterSubclassMock.swift */ = {isa = PBXFileReference; fileEncoding = 4; lastKnownFileType = sourcecode.swift; path = PresenterSubclassMock.swift; sourceTree = "<group>"; };
		FF9BFCF81EC3560C00131C61 /* PresenterMock.swift */ = {isa = PBXFileReference; fileEncoding = 4; lastKnownFileType = sourcecode.swift; path = PresenterMock.swift; sourceTree = "<group>"; };
		FF9BFCFA1EC3604300131C61 /* PresentableViewSubclassMock.xib */ = {isa = PBXFileReference; fileEncoding = 4; lastKnownFileType = file.xib; path = PresentableViewSubclassMock.xib; sourceTree = "<group>"; };
		FF9BFCFD1EC3636000131C61 /* PresentableControlSubclassMock.xib */ = {isa = PBXFileReference; fileEncoding = 4; lastKnownFileType = file.xib; path = PresentableControlSubclassMock.xib; sourceTree = "<group>"; };
		FF9BFD031EC36D9900131C61 /* ContainerRouterTest.swift */ = {isa = PBXFileReference; fileEncoding = 4; lastKnownFileType = sourcecode.swift; path = ContainerRouterTest.swift; sourceTree = "<group>"; };
		FF9BFD071EC36D9900131C61 /* PresentableNavigationControllerTest.swift */ = {isa = PBXFileReference; fileEncoding = 4; lastKnownFileType = sourcecode.swift; path = PresentableNavigationControllerTest.swift; sourceTree = "<group>"; };
		FF9BFD081EC36D9900131C61 /* StackRouterTest.swift */ = {isa = PBXFileReference; fileEncoding = 4; lastKnownFileType = sourcecode.swift; path = StackRouterTest.swift; sourceTree = "<group>"; };
		FF9BFD0B1EC36D9900131C61 /* PresentableTabBarControllerTest.swift */ = {isa = PBXFileReference; fileEncoding = 4; lastKnownFileType = sourcecode.swift; path = PresentableTabBarControllerTest.swift; sourceTree = "<group>"; };
		FF9BFD0C1EC36D9900131C61 /* TabRouterTest.swift */ = {isa = PBXFileReference; fileEncoding = 4; lastKnownFileType = sourcecode.swift; path = TabRouterTest.swift; sourceTree = "<group>"; };
		FF9BFD0E1EC36D9900131C61 /* RouterTest.swift */ = {isa = PBXFileReference; fileEncoding = 4; lastKnownFileType = sourcecode.swift; path = RouterTest.swift; sourceTree = "<group>"; };
		FF9BFD1B1EC3718500131C61 /* RouterSubclassMock.swift */ = {isa = PBXFileReference; fileEncoding = 4; lastKnownFileType = sourcecode.swift; path = RouterSubclassMock.swift; sourceTree = "<group>"; };
		FFA6DD341EB8EB4B003D7784 /* ServiceManager.swift */ = {isa = PBXFileReference; fileEncoding = 4; lastKnownFileType = sourcecode.swift; path = ServiceManager.swift; sourceTree = "<group>"; };
		FFA6DD361EB8EC34003D7784 /* Service.swift */ = {isa = PBXFileReference; fileEncoding = 4; lastKnownFileType = sourcecode.swift; path = Service.swift; sourceTree = "<group>"; };
		FFA6DD3A1EB8F75A003D7784 /* PresentableNavigationController.swift */ = {isa = PBXFileReference; fileEncoding = 4; lastKnownFileType = sourcecode.swift; path = PresentableNavigationController.swift; sourceTree = "<group>"; };
		FFA6DD3D1EB90299003D7784 /* TabRouter.swift */ = {isa = PBXFileReference; fileEncoding = 4; lastKnownFileType = sourcecode.swift; path = TabRouter.swift; sourceTree = "<group>"; };
		FFA6DD3F1EB902A5003D7784 /* TabRouterInterface.swift */ = {isa = PBXFileReference; fileEncoding = 4; lastKnownFileType = sourcecode.swift; path = TabRouterInterface.swift; sourceTree = "<group>"; };
/* End PBXFileReference section */

/* Begin PBXFrameworksBuildPhase section */
		FF919D561EB353EA0003A85C /* Frameworks */ = {
			isa = PBXFrameworksBuildPhase;
			buildActionMask = 2147483647;
			files = (
				FF919D981EB385E00003A85C /* UIKit.framework in Frameworks */,
			);
			runOnlyForDeploymentPostprocessing = 0;
		};
		FF919D601EB353EA0003A85C /* Frameworks */ = {
			isa = PBXFrameworksBuildPhase;
			buildActionMask = 2147483647;
			files = (
				FF919D641EB353EA0003A85C /* ViperBase.framework in Frameworks */,
			);
			runOnlyForDeploymentPostprocessing = 0;
		};
/* End PBXFrameworksBuildPhase section */

/* Begin PBXGroup section */
		FF8B4D6C1EC505A50016504E /* Services */ = {
			isa = PBXGroup;
			children = (
				FF8B4D6D1EC505A50016504E /* ServiceTest.swift */,
				FF8B4D6E1EC505A50016504E /* ServiceManagerTest.swift */,
			);
			path = Services;
			sourceTree = "<group>";
		};
		FF919D501EB353EA0003A85C = {
			isa = PBXGroup;
			children = (
				FF919D5C1EB353EA0003A85C /* ViperBase */,
				FF919D671EB353EA0003A85C /* ViperBaseTests */,
				FF919D961EB385E00003A85C /* Frameworks */,
				FF919D5B1EB353EA0003A85C /* Products */,
			);
			sourceTree = "<group>";
		};
		FF919D5B1EB353EA0003A85C /* Products */ = {
			isa = PBXGroup;
			children = (
				FF919D5A1EB353EA0003A85C /* ViperBase.framework */,
				FF919D631EB353EA0003A85C /* ViperBaseTests.xctest */,
			);
			name = Products;
			sourceTree = "<group>";
		};
		FF919D5C1EB353EA0003A85C /* ViperBase */ = {
			isa = PBXGroup;
			children = (
				FF919D751EB354870003A85C /* Interactor */,
				FF919D771EB3549A0003A85C /* Presenter */,
				FF919D761EB354900003A85C /* Routers */,
				FF919D741EB3547D0003A85C /* Views */,
				FFA6DD301EB8E08D003D7784 /* Services */,
				FF919D5E1EB353EA0003A85C /* Info.plist */,
				FF919D5D1EB353EA0003A85C /* ViperBase.h */,
			);
			path = ViperBase;
			sourceTree = "<group>";
		};
		FF919D671EB353EA0003A85C /* ViperBaseTests */ = {
			isa = PBXGroup;
			children = (
				FF919D6A1EB353EA0003A85C /* Info.plist */,
				FF9BFCF31EC34A3300131C61 /* Mocks */,
				FF9BFCBF1EC3493C00131C61 /* Presenters */,
				FF9BFD001EC36D9900131C61 /* Routers */,
				FF9BFCD51EC3493C00131C61 /* Views */,
				FF8B4D6C1EC505A50016504E /* Services */,
			);
			path = ViperBaseTests;
			sourceTree = "<group>";
		};
		FF919D741EB3547D0003A85C /* Views */ = {
			isa = PBXGroup;
			children = (
				FF919D9C1EB393240003A85C /* BaseViewControllers */,
				FF919D991EB38B450003A85C /* BaseViews */,
				FF919D911EB35D9D0003A85C /* ContentContainerInterface.swift */,
				FF919D7B1EB356E60003A85C /* ViewInterface.swift */,
			);
			path = Views;
			sourceTree = "<group>";
		};
		FF919D751EB354870003A85C /* Interactor */ = {
			isa = PBXGroup;
			children = (
				FF919D9A1EB393040003A85C /* Interactor.swift */,
				FF919D9D1EB399150003A85C /* InteractorInterface.swift */,
			);
			path = Interactor;
			sourceTree = "<group>";
		};
		FF919D761EB354900003A85C /* Routers */ = {
			isa = PBXGroup;
			children = (
				FFA6DD381EB8F6BC003D7784 /* Custom Routers */,
				FF919DA31EB39BB10003A85C /* Router.swift */,
				FF919DA11EB39B5F0003A85C /* RouterInterface.swift */,
			);
			path = Routers;
			sourceTree = "<group>";
		};
		FF919D771EB3549A0003A85C /* Presenter */ = {
			isa = PBXGroup;
			children = (
				FF919D9F1EB3995C0003A85C /* Presenter.swift */,
				FF919D8F1EB35A930003A85C /* PresenterInterface.swift */,
			);
			path = Presenter;
			sourceTree = "<group>";
		};
		FF919D961EB385E00003A85C /* Frameworks */ = {
			isa = PBXGroup;
			children = (
				FF919D971EB385E00003A85C /* UIKit.framework */,
			);
			name = Frameworks;
			sourceTree = "<group>";
		};
		FF919D991EB38B450003A85C /* BaseViews */ = {
			isa = PBXGroup;
			children = (
				A020B3C61F13D449007BA3BB /* PresentableTalbeViewCell.swift */,
				FF919D941EB385510003A85C /* PresentableControl.swift */,
				FF919D841EB357E50003A85C /* PresentableView.swift */,
			);
			path = BaseViews;
			sourceTree = "<group>";
		};
		FF919D9C1EB393240003A85C /* BaseViewControllers */ = {
			isa = PBXGroup;
			children = (
				FF919D7E1EB357E50003A85C /* ContainerViewController.swift */,
				FFA6DD3A1EB8F75A003D7784 /* PresentableNavigationController.swift */,
				FF24530B1EB903590017D32D /* PresentableTabBarController.swift */,
				FF919D801EB357E50003A85C /* PresentableViewController.swift */,
			);
			path = BaseViewControllers;
			sourceTree = "<group>";
		};
		FF919DA51EB3AA2E0003A85C /* Stack */ = {
			isa = PBXGroup;
			children = (
				FF919DAA1EB3AA510003A85C /* StackRouter.swift */,
				FF643B921EB3AD9800B067D4 /* StackRouterInterface.swift */,
			);
			path = Stack;
			sourceTree = "<group>";
		};
		FF9BFCBF1EC3493C00131C61 /* Presenters */ = {
			isa = PBXGroup;
			children = (
				FF9BFCC01EC3493C00131C61 /* PresenterTest.swift */,
			);
			path = Presenters;
			sourceTree = "<group>";
		};
		FF9BFCD51EC3493C00131C61 /* Views */ = {
			isa = PBXGroup;
			children = (
				FF9BFCD61EC3493C00131C61 /* BaseViewControllers */,
				FF9BFCD81EC3493C00131C61 /* BaseViews */,
			);
			path = Views;
			sourceTree = "<group>";
		};
		FF9BFCD61EC3493C00131C61 /* BaseViewControllers */ = {
			isa = PBXGroup;
			children = (
				FF9BFD071EC36D9900131C61 /* PresentableNavigationControllerTest.swift */,
				FF9BFD0B1EC36D9900131C61 /* PresentableTabBarControllerTest.swift */,
				FF9BFCD71EC3493C00131C61 /* PresentableViewControllerTest.swift */,
			);
			path = BaseViewControllers;
			sourceTree = "<group>";
		};
		FF9BFCD81EC3493C00131C61 /* BaseViews */ = {
			isa = PBXGroup;
			children = (
				FF9BFCD91EC3493C00131C61 /* PresentableControlTest.swift */,
				FF9BFCFD1EC3636000131C61 /* PresentableControlSubclassMock.xib */,
				FF9BFCDA1EC3493C00131C61 /* PresentableViewTest.swift */,
				FF9BFCFA1EC3604300131C61 /* PresentableViewSubclassMock.xib */,
			);
			path = BaseViews;
			sourceTree = "<group>";
		};
		FF9BFCF31EC34A3300131C61 /* Mocks */ = {
			isa = PBXGroup;
			children = (
				FF8B4D721EC8365F0016504E /* CustomServicesMocks.swift */,
				FF9BFCF41EC34A9400131C61 /* PresenterSubclassMock.swift */,
				FF9BFD1B1EC3718500131C61 /* RouterSubclassMock.swift */,
				FF9BFCF81EC3560C00131C61 /* PresenterMock.swift */,
			);
			path = Mocks;
			sourceTree = "<group>";
		};
		FF9BFD001EC36D9900131C61 /* Routers */ = {
			isa = PBXGroup;
			children = (
				FF9BFD011EC36D9900131C61 /* Custom Routers */,
				FF9BFD0E1EC36D9900131C61 /* RouterTest.swift */,
			);
			path = Routers;
			sourceTree = "<group>";
		};
		FF9BFD011EC36D9900131C61 /* Custom Routers */ = {
			isa = PBXGroup;
			children = (
				FF9BFD021EC36D9900131C61 /* Container */,
				FF9BFD061EC36D9900131C61 /* Stack */,
				FF9BFD0A1EC36D9900131C61 /* Tab */,
			);
			path = "Custom Routers";
			sourceTree = "<group>";
		};
		FF9BFD021EC36D9900131C61 /* Container */ = {
			isa = PBXGroup;
			children = (
				FF9BFD031EC36D9900131C61 /* ContainerRouterTest.swift */,
			);
			path = Container;
			sourceTree = "<group>";
		};
		FF9BFD061EC36D9900131C61 /* Stack */ = {
			isa = PBXGroup;
			children = (
				FF9BFD081EC36D9900131C61 /* StackRouterTest.swift */,
			);
			path = Stack;
			sourceTree = "<group>";
		};
		FF9BFD0A1EC36D9900131C61 /* Tab */ = {
			isa = PBXGroup;
			children = (
				FF9BFD0C1EC36D9900131C61 /* TabRouterTest.swift */,
			);
			path = Tab;
			sourceTree = "<group>";
		};
		FFA6DD301EB8E08D003D7784 /* Services */ = {
			isa = PBXGroup;
			children = (
				FFA6DD341EB8EB4B003D7784 /* ServiceManager.swift */,
				FFA6DD361EB8EC34003D7784 /* Service.swift */,
			);
			path = Services;
			sourceTree = "<group>";
		};
		FFA6DD381EB8F6BC003D7784 /* Custom Routers */ = {
			isa = PBXGroup;
			children = (
				FFA6DD391EB8F6E7003D7784 /* Container */,
				FF919DA51EB3AA2E0003A85C /* Stack */,
				FFA6DD3C1EB8F7D8003D7784 /* Tab */,
			);
			path = "Custom Routers";
			sourceTree = "<group>";
		};
		FFA6DD391EB8F6E7003D7784 /* Container */ = {
			isa = PBXGroup;
			children = (
				FF919DA71EB3AA510003A85C /* ContainerRouter.swift */,
				FF643B941EB3AF1B00B067D4 /* ContainerRouterInterface.swift */,
			);
			path = Container;
			sourceTree = "<group>";
		};
		FFA6DD3C1EB8F7D8003D7784 /* Tab */ = {
			isa = PBXGroup;
			children = (
				FFA6DD3D1EB90299003D7784 /* TabRouter.swift */,
				FFA6DD3F1EB902A5003D7784 /* TabRouterInterface.swift */,
			);
			path = Tab;
			sourceTree = "<group>";
		};
/* End PBXGroup section */

/* Begin PBXHeadersBuildPhase section */
		FF919D571EB353EA0003A85C /* Headers */ = {
			isa = PBXHeadersBuildPhase;
			buildActionMask = 2147483647;
			files = (
				FF919D6B1EB353EA0003A85C /* ViperBase.h in Headers */,
			);
			runOnlyForDeploymentPostprocessing = 0;
		};
/* End PBXHeadersBuildPhase section */

/* Begin PBXNativeTarget section */
		FF919D591EB353EA0003A85C /* ViperBase */ = {
			isa = PBXNativeTarget;
			buildConfigurationList = FF919D6E1EB353EA0003A85C /* Build configuration list for PBXNativeTarget "ViperBase" */;
			buildPhases = (
				FF919D551EB353EA0003A85C /* Sources */,
				FF919D561EB353EA0003A85C /* Frameworks */,
				FF919D571EB353EA0003A85C /* Headers */,
				FF919D581EB353EA0003A85C /* Resources */,
			);
			buildRules = (
			);
			dependencies = (
			);
			name = ViperBase;
			productName = ViperBase;
			productReference = FF919D5A1EB353EA0003A85C /* ViperBase.framework */;
			productType = "com.apple.product-type.framework";
		};
		FF919D621EB353EA0003A85C /* ViperBaseTests */ = {
			isa = PBXNativeTarget;
			buildConfigurationList = FF919D711EB353EA0003A85C /* Build configuration list for PBXNativeTarget "ViperBaseTests" */;
			buildPhases = (
				FF919D5F1EB353EA0003A85C /* Sources */,
				FF919D601EB353EA0003A85C /* Frameworks */,
				FF919D611EB353EA0003A85C /* Resources */,
			);
			buildRules = (
			);
			dependencies = (
				FF919D661EB353EA0003A85C /* PBXTargetDependency */,
			);
			name = ViperBaseTests;
			productName = ViperBaseTests;
			productReference = FF919D631EB353EA0003A85C /* ViperBaseTests.xctest */;
			productType = "com.apple.product-type.bundle.unit-test";
		};
/* End PBXNativeTarget section */

/* Begin PBXProject section */
		FF919D511EB353EA0003A85C /* Project object */ = {
			isa = PBXProject;
			attributes = {
				LastSwiftUpdateCheck = 0820;
				LastUpgradeCheck = 0830;
				ORGANIZATIONNAME = SOL;
				TargetAttributes = {
					FF919D591EB353EA0003A85C = {
						CreatedOnToolsVersion = 8.2.1;
						LastSwiftMigration = 0820;
						ProvisioningStyle = Manual;
					};
					FF919D621EB353EA0003A85C = {
						CreatedOnToolsVersion = 8.2.1;
						ProvisioningStyle = Manual;
					};
				};
			};
			buildConfigurationList = FF919D541EB353EA0003A85C /* Build configuration list for PBXProject "ViperBase" */;
			compatibilityVersion = "Xcode 3.2";
			developmentRegion = English;
			hasScannedForEncodings = 0;
			knownRegions = (
				en,
			);
			mainGroup = FF919D501EB353EA0003A85C;
			productRefGroup = FF919D5B1EB353EA0003A85C /* Products */;
			projectDirPath = "";
			projectRoot = "";
			targets = (
				FF919D591EB353EA0003A85C /* ViperBase */,
				FF919D621EB353EA0003A85C /* ViperBaseTests */,
			);
		};
/* End PBXProject section */

/* Begin PBXResourcesBuildPhase section */
		FF919D581EB353EA0003A85C /* Resources */ = {
			isa = PBXResourcesBuildPhase;
			buildActionMask = 2147483647;
			files = (
			);
			runOnlyForDeploymentPostprocessing = 0;
		};
		FF919D611EB353EA0003A85C /* Resources */ = {
			isa = PBXResourcesBuildPhase;
			buildActionMask = 2147483647;
			files = (
				FF9BFCFB1EC3604300131C61 /* PresentableViewSubclassMock.xib in Resources */,
				FF9BFCFE1EC3636000131C61 /* PresentableControlSubclassMock.xib in Resources */,
			);
			runOnlyForDeploymentPostprocessing = 0;
		};
/* End PBXResourcesBuildPhase section */

/* Begin PBXSourcesBuildPhase section */
		FF919D551EB353EA0003A85C /* Sources */ = {
			isa = PBXSourcesBuildPhase;
			buildActionMask = 2147483647;
			files = (
				FF919D881EB357E50003A85C /* PresentableViewController.swift in Sources */,
				FF919D951EB385510003A85C /* PresentableControl.swift in Sources */,
				FFA6DD3E1EB90299003D7784 /* TabRouter.swift in Sources */,
				FFA6DD3B1EB8F75A003D7784 /* PresentableNavigationController.swift in Sources */,
				FF643B931EB3AD9800B067D4 /* StackRouterInterface.swift in Sources */,
				FF919D7C1EB356E60003A85C /* ViewInterface.swift in Sources */,
				FF919D901EB35A930003A85C /* PresenterInterface.swift in Sources */,
				FFA6DD371EB8EC34003D7784 /* Service.swift in Sources */,
				A020B3C71F13D449007BA3BB /* PresentableTalbeViewCell.swift in Sources */,
				FF919DA41EB39BB10003A85C /* Router.swift in Sources */,
				FF919DA01EB3995C0003A85C /* Presenter.swift in Sources */,
				FF919D861EB357E50003A85C /* ContainerViewController.swift in Sources */,
				FF919DAD1EB3AA510003A85C /* ContainerRouter.swift in Sources */,
				FFA6DD401EB902A5003D7784 /* TabRouterInterface.swift in Sources */,
				FF919DB01EB3AA510003A85C /* StackRouter.swift in Sources */,
				FF919D921EB35D9D0003A85C /* ContentContainerInterface.swift in Sources */,
				FF919D9E1EB399150003A85C /* InteractorInterface.swift in Sources */,
				FFA6DD351EB8EB4B003D7784 /* ServiceManager.swift in Sources */,
				FF919DA21EB39B5F0003A85C /* RouterInterface.swift in Sources */,
				FF919D9B1EB393040003A85C /* Interactor.swift in Sources */,
				FF643B951EB3AF1B00B067D4 /* ContainerRouterInterface.swift in Sources */,
				FF919D8C1EB357E50003A85C /* PresentableView.swift in Sources */,
				FF24530C1EB903590017D32D /* PresentableTabBarController.swift in Sources */,
			);
			runOnlyForDeploymentPostprocessing = 0;
		};
		FF919D5F1EB353EA0003A85C /* Sources */ = {
			isa = PBXSourcesBuildPhase;
			buildActionMask = 2147483647;
			files = (
				FF8B4D731EC8365F0016504E /* CustomServicesMocks.swift in Sources */,
				FF9BFCFF1EC3659200131C61 /* PresentableViewControllerTest.swift in Sources */,
				FF9BFCF91EC3560C00131C61 /* PresenterMock.swift in Sources */,
				FF9BFD1D1EC374A900131C61 /* RouterTest.swift in Sources */,
				FF8B4D661EC49BF70016504E /* PresentableNavigationControllerTest.swift in Sources */,
				FF9BFCF71EC355B700131C61 /* PresentableViewTest.swift in Sources */,
				FF8B4D6B1EC4B7100016504E /* ContainerRouterTest.swift in Sources */,
				FF9BFCFC1EC3634A00131C61 /* PresentableControlTest.swift in Sources */,
				FF8B4D741EC83C040016504E /* ServiceTest.swift in Sources */,
				FF8B4D671EC49E460016504E /* TabRouterTest.swift in Sources */,
				FF8B4D6A1EC4AE8B0016504E /* StackRouterTest.swift in Sources */,
				FF8B4D751EC83C040016504E /* ServiceManagerTest.swift in Sources */,
				FF9BFCF51EC34A9400131C61 /* PresenterSubclassMock.swift in Sources */,
				FF9BFD1E1EC374A900131C61 /* RouterSubclassMock.swift in Sources */,
				FF8B4D651EC49B7F0016504E /* PresentableTabBarControllerTest.swift in Sources */,
				FF9BFCF61EC34E6500131C61 /* PresenterTest.swift in Sources */,
			);
			runOnlyForDeploymentPostprocessing = 0;
		};
/* End PBXSourcesBuildPhase section */

/* Begin PBXTargetDependency section */
		FF919D661EB353EA0003A85C /* PBXTargetDependency */ = {
			isa = PBXTargetDependency;
			target = FF919D591EB353EA0003A85C /* ViperBase */;
			targetProxy = FF919D651EB353EA0003A85C /* PBXContainerItemProxy */;
		};
/* End PBXTargetDependency section */

/* Begin XCBuildConfiguration section */
		FF919D6C1EB353EA0003A85C /* Debug */ = {
			isa = XCBuildConfiguration;
			buildSettings = {
				ALWAYS_SEARCH_USER_PATHS = NO;
				CLANG_ANALYZER_NONNULL = YES;
				CLANG_CXX_LANGUAGE_STANDARD = "gnu++0x";
				CLANG_CXX_LIBRARY = "libc++";
				CLANG_ENABLE_MODULES = YES;
				CLANG_ENABLE_OBJC_ARC = YES;
				CLANG_WARN_BOOL_CONVERSION = YES;
				CLANG_WARN_CONSTANT_CONVERSION = YES;
				CLANG_WARN_DIRECT_OBJC_ISA_USAGE = YES_ERROR;
				CLANG_WARN_DOCUMENTATION_COMMENTS = YES;
				CLANG_WARN_EMPTY_BODY = YES;
				CLANG_WARN_ENUM_CONVERSION = YES;
				CLANG_WARN_INFINITE_RECURSION = YES;
				CLANG_WARN_INT_CONVERSION = YES;
				CLANG_WARN_OBJC_ROOT_CLASS = YES_ERROR;
				CLANG_WARN_SUSPICIOUS_MOVE = YES;
				CLANG_WARN_UNREACHABLE_CODE = YES;
				CLANG_WARN__DUPLICATE_METHOD_MATCH = YES;
				COPY_PHASE_STRIP = NO;
				CURRENT_PROJECT_VERSION = 1;
				DEBUG_INFORMATION_FORMAT = dwarf;
				ENABLE_STRICT_OBJC_MSGSEND = YES;
				ENABLE_TESTABILITY = YES;
				GCC_C_LANGUAGE_STANDARD = gnu99;
				GCC_DYNAMIC_NO_PIC = NO;
				GCC_NO_COMMON_BLOCKS = YES;
				GCC_OPTIMIZATION_LEVEL = 0;
				GCC_PREPROCESSOR_DEFINITIONS = (
					"DEBUG=1",
					"$(inherited)",
				);
				GCC_WARN_64_TO_32_BIT_CONVERSION = YES;
				GCC_WARN_ABOUT_RETURN_TYPE = YES_ERROR;
				GCC_WARN_UNDECLARED_SELECTOR = YES;
				GCC_WARN_UNINITIALIZED_AUTOS = YES_AGGRESSIVE;
				GCC_WARN_UNUSED_FUNCTION = YES;
				GCC_WARN_UNUSED_VARIABLE = YES;
				IPHONEOS_DEPLOYMENT_TARGET = 8.0;
				MTL_ENABLE_DEBUG_INFO = YES;
				ONLY_ACTIVE_ARCH = YES;
				SDKROOT = iphoneos;
				SWIFT_ACTIVE_COMPILATION_CONDITIONS = DEBUG;
				SWIFT_OPTIMIZATION_LEVEL = "-Onone";
				TARGETED_DEVICE_FAMILY = "1,2";
				VERSIONING_SYSTEM = "apple-generic";
				VERSION_INFO_PREFIX = "";
			};
			name = Debug;
		};
		FF919D6D1EB353EA0003A85C /* Release */ = {
			isa = XCBuildConfiguration;
			buildSettings = {
				ALWAYS_SEARCH_USER_PATHS = NO;
				CLANG_ANALYZER_NONNULL = YES;
				CLANG_CXX_LANGUAGE_STANDARD = "gnu++0x";
				CLANG_CXX_LIBRARY = "libc++";
				CLANG_ENABLE_MODULES = YES;
				CLANG_ENABLE_OBJC_ARC = YES;
				CLANG_WARN_BOOL_CONVERSION = YES;
				CLANG_WARN_CONSTANT_CONVERSION = YES;
				CLANG_WARN_DIRECT_OBJC_ISA_USAGE = YES_ERROR;
				CLANG_WARN_DOCUMENTATION_COMMENTS = YES;
				CLANG_WARN_EMPTY_BODY = YES;
				CLANG_WARN_ENUM_CONVERSION = YES;
				CLANG_WARN_INFINITE_RECURSION = YES;
				CLANG_WARN_INT_CONVERSION = YES;
				CLANG_WARN_OBJC_ROOT_CLASS = YES_ERROR;
				CLANG_WARN_SUSPICIOUS_MOVE = YES;
				CLANG_WARN_UNREACHABLE_CODE = YES;
				CLANG_WARN__DUPLICATE_METHOD_MATCH = YES;
				COPY_PHASE_STRIP = NO;
				CURRENT_PROJECT_VERSION = 1;
				DEBUG_INFORMATION_FORMAT = "dwarf-with-dsym";
				ENABLE_NS_ASSERTIONS = NO;
				ENABLE_STRICT_OBJC_MSGSEND = YES;
				GCC_C_LANGUAGE_STANDARD = gnu99;
				GCC_NO_COMMON_BLOCKS = YES;
				GCC_WARN_64_TO_32_BIT_CONVERSION = YES;
				GCC_WARN_ABOUT_RETURN_TYPE = YES_ERROR;
				GCC_WARN_UNDECLARED_SELECTOR = YES;
				GCC_WARN_UNINITIALIZED_AUTOS = YES_AGGRESSIVE;
				GCC_WARN_UNUSED_FUNCTION = YES;
				GCC_WARN_UNUSED_VARIABLE = YES;
				IPHONEOS_DEPLOYMENT_TARGET = 8.0;
				MTL_ENABLE_DEBUG_INFO = NO;
				SDKROOT = iphoneos;
				SWIFT_OPTIMIZATION_LEVEL = "-Owholemodule";
				TARGETED_DEVICE_FAMILY = "1,2";
				VALIDATE_PRODUCT = YES;
				VERSIONING_SYSTEM = "apple-generic";
				VERSION_INFO_PREFIX = "";
			};
			name = Release;
		};
		FF919D6F1EB353EA0003A85C /* Debug */ = {
			isa = XCBuildConfiguration;
			buildSettings = {
				CLANG_ENABLE_MODULES = YES;
				DEFINES_MODULE = YES;
				DYLIB_COMPATIBILITY_VERSION = 1;
				DYLIB_CURRENT_VERSION = 1;
				DYLIB_INSTALL_NAME_BASE = "@rpath";
				INFOPLIST_FILE = ViperBase/Info.plist;
				INSTALL_PATH = "$(LOCAL_LIBRARY_DIR)/Frameworks";
				LD_RUNPATH_SEARCH_PATHS = "$(inherited) @executable_path/Frameworks @loader_path/Frameworks";
				PRODUCT_BUNDLE_IDENTIFIER = ViperBase;
				PRODUCT_NAME = "$(TARGET_NAME)";
				SKIP_INSTALL = YES;
				SWIFT_OPTIMIZATION_LEVEL = "-Onone";
				SWIFT_VERSION = 3.0;
			};
			name = Debug;
		};
		FF919D701EB353EA0003A85C /* Release */ = {
			isa = XCBuildConfiguration;
			buildSettings = {
				CLANG_ENABLE_MODULES = YES;
				DEFINES_MODULE = YES;
				DYLIB_COMPATIBILITY_VERSION = 1;
				DYLIB_CURRENT_VERSION = 1;
				DYLIB_INSTALL_NAME_BASE = "@rpath";
				GCC_OPTIMIZATION_LEVEL = 0;
				INFOPLIST_FILE = ViperBase/Info.plist;
				INSTALL_PATH = "$(LOCAL_LIBRARY_DIR)/Frameworks";
				LD_RUNPATH_SEARCH_PATHS = "$(inherited) @executable_path/Frameworks @loader_path/Frameworks";
				PRODUCT_BUNDLE_IDENTIFIER = ViperBase;
				PRODUCT_NAME = "$(TARGET_NAME)";
				SKIP_INSTALL = YES;
				SWIFT_VERSION = 3.0;
			};
			name = Release;
		};
		FF919D721EB353EA0003A85C /* Debug */ = {
			isa = XCBuildConfiguration;
			buildSettings = {
				ALWAYS_EMBED_SWIFT_STANDARD_LIBRARIES = YES;
				INFOPLIST_FILE = ViperBaseTests/Info.plist;
				LD_RUNPATH_SEARCH_PATHS = "$(inherited) @executable_path/Frameworks @loader_path/Frameworks";
				PRODUCT_BUNDLE_IDENTIFIER = ViperBaseTests;
				PRODUCT_NAME = "$(TARGET_NAME)";
				SWIFT_VERSION = 3.0;
			};
			name = Debug;
		};
		FF919D731EB353EA0003A85C /* Release */ = {
			isa = XCBuildConfiguration;
			buildSettings = {
				ALWAYS_EMBED_SWIFT_STANDARD_LIBRARIES = YES;
				GCC_OPTIMIZATION_LEVEL = s;
				INFOPLIST_FILE = ViperBaseTests/Info.plist;
				LD_RUNPATH_SEARCH_PATHS = "$(inherited) @executable_path/Frameworks @loader_path/Frameworks";
				PRODUCT_BUNDLE_IDENTIFIER = ViperBaseTests;
				PRODUCT_NAME = "$(TARGET_NAME)";
				SWIFT_VERSION = 3.0;
			};
			name = Release;
		};
/* End XCBuildConfiguration section */

/* Begin XCConfigurationList section */
		FF919D541EB353EA0003A85C /* Build configuration list for PBXProject "ViperBase" */ = {
			isa = XCConfigurationList;
			buildConfigurations = (
				FF919D6C1EB353EA0003A85C /* Debug */,
				FF919D6D1EB353EA0003A85C /* Release */,
			);
			defaultConfigurationIsVisible = 0;
			defaultConfigurationName = Release;
		};
		FF919D6E1EB353EA0003A85C /* Build configuration list for PBXNativeTarget "ViperBase" */ = {
			isa = XCConfigurationList;
			buildConfigurations = (
				FF919D6F1EB353EA0003A85C /* Debug */,
				FF919D701EB353EA0003A85C /* Release */,
			);
			defaultConfigurationIsVisible = 0;
			defaultConfigurationName = Release;
		};
		FF919D711EB353EA0003A85C /* Build configuration list for PBXNativeTarget "ViperBaseTests" */ = {
			isa = XCConfigurationList;
			buildConfigurations = (
				FF919D721EB353EA0003A85C /* Debug */,
				FF919D731EB353EA0003A85C /* Release */,
			);
			defaultConfigurationIsVisible = 0;
			defaultConfigurationName = Release;
		};
/* End XCConfigurationList section */
	};
	rootObject = FF919D511EB353EA0003A85C /* Project object */;
}
